PODS:
  - Flutter (1.0.0)
  - flutter_user_agent (1.2.2):
    - Flutter

DEPENDENCIES:
  - Flutter (from `Flutter`)
  - flutter_user_agent (from `.symlinks/plugins/flutter_user_agent/ios`)

EXTERNAL SOURCES:
  Flutter:
    :path: Flutter
  flutter_user_agent:
    :path: ".symlinks/plugins/flutter_user_agent/ios"

SPEC CHECKSUMS:
  Flutter: 0e3d915762c693b495b44d77113d4970485de6ec
  flutter_user_agent: 27c45d034dc31b80948d29998cea52cd3a7bf936

PODFILE CHECKSUM: c34e2287a9ccaa606aeceab922830efb9a6ff69a

COCOAPODS: 1.8.4
